
Microsoft Visual Studio Solution File, Format Version 12.00
# Visual Studio Version 16
VisualStudioVersion = 16.0.30406.217
MinimumVisualStudioVersion = 10.0.40219.1
Project("{FAE04EC0-301F-11D3-BF4B-00C04F79EFBC}") = "Consola", "Consola\Consola.csproj", "{48A8745D-EE7C-4C05-BF45-9B9D464C24F0}"
EndProject
Project("{FAE04EC0-301F-11D3-BF4B-00C04F79EFBC}") = "ConexionBaseDeDatos", "ConexionBaseDeDatos\ConexionBaseDeDatos.csproj", "{6B4947F4-962C-4A9A-9AF8-0759EDEDAEA0}"
EndProject
Project("{FAE04EC0-301F-11D3-BF4B-00C04F79EFBC}") = "ModeloDeDatos", "ModeloDeDatos\ModeloDeDatos.csproj", "{56ED9049-6D58-4F4D-969F-ACD296A45C4B}"
EndProject
Project("{FAE04EC0-301F-11D3-BF4B-00C04F79EFBC}") = "Negocio", "Negocio\Negocio.csproj", "{C9E160AC-D27B-4820-B87E-C226FDBFE9F6}"
EndProject
Project("{FAE04EC0-301F-11D3-BF4B-00C04F79EFBC}") = "GUIEscritorio", "GUIEscritorio\GUIEscritorio.csproj", "{98308A03-8B42-4473-A6BF-A77BC8022765}"
EndProject
Global
	GlobalSection(SolutionConfigurationPlatforms) = preSolution
		Debug|Any CPU = Debug|Any CPU
		Release|Any CPU = Release|Any CPU
	EndGlobalSection
	GlobalSection(ProjectConfigurationPlatforms) = postSolution
		{48A8745D-EE7C-4C05-BF45-9B9D464C24F0}.Debug|Any CPU.ActiveCfg = Debug|Any CPU
		{48A8745D-EE7C-4C05-BF45-9B9D464C24F0}.Debug|Any CPU.Build.0 = Debug|Any CPU
		{48A8745D-EE7C-4C05-BF45-9B9D464C24F0}.Release|Any CPU.ActiveCfg = Release|Any CPU
		{48A8745D-EE7C-4C05-BF45-9B9D464C24F0}.Release|Any CPU.Build.0 = Release|Any CPU
		{6B4947F4-962C-4A9A-9AF8-0759EDEDAEA0}.Debug|Any CPU.ActiveCfg = Debug|Any CPU
		{6B4947F4-962C-4A9A-9AF8-0759EDEDAEA0}.Debug|Any CPU.Build.0 = Debug|Any CPU
		{6B4947F4-962C-4A9A-9AF8-0759EDEDAEA0}.Release|Any CPU.ActiveCfg = Release|Any CPU
		{6B4947F4-962C-4A9A-9AF8-0759EDEDAEA0}.Release|Any CPU.Build.0 = Release|Any CPU
		{56ED9049-6D58-4F4D-969F-ACD296A45C4B}.Debug|Any CPU.ActiveCfg = Debug|Any CPU
		{56ED9049-6D58-4F4D-969F-ACD296A45C4B}.Debug|Any CPU.Build.0 = Debug|Any CPU
		{56ED9049-6D58-4F4D-969F-ACD296A45C4B}.Release|Any CPU.ActiveCfg = Release|Any CPU
		{56ED9049-6D58-4F4D-969F-ACD296A45C4B}.Release|Any CPU.Build.0 = Release|Any CPU
		{C9E160AC-D27B-4820-B87E-C226FDBFE9F6}.Debug|Any CPU.ActiveCfg = Debug|Any CPU
		{C9E160AC-D27B-4820-B87E-C226FDBFE9F6}.Debug|Any CPU.Build.0 = Debug|Any CPU
		{C9E160AC-D27B-4820-B87E-C226FDBFE9F6}.Release|Any CPU.ActiveCfg = Release|Any CPU
		{C9E160AC-D27B-4820-B87E-C226FDBFE9F6}.Release|Any CPU.Build.0 = Release|Any CPU
		{98308A03-8B42-4473-A6BF-A77BC8022765}.Debug|Any CPU.ActiveCfg = Debug|Any CPU
		{98308A03-8B42-4473-A6BF-A77BC8022765}.Debug|Any CPU.Build.0 = Debug|Any CPU
		{98308A03-8B42-4473-A6BF-A77BC8022765}.Release|Any CPU.ActiveCfg = Release|Any CPU
		{98308A03-8B42-4473-A6BF-A77BC8022765}.Release|Any CPU.Build.0 = Release|Any CPU
	EndGlobalSection
	GlobalSection(SolutionProperties) = preSolution
		HideSolutionNode = FALSE
	EndGlobalSection
	GlobalSection(ExtensibilityGlobals) = postSolution
		SolutionGuid = {F25E7C7D-D9AE-4129-8B5C-97C2C7DA87DC}
	EndGlobalSection
EndGlobal
